{
  "version": 4,
  "terraform_version": "1.3.6",
  "serial": 14,
  "lineage": "40b496a2-3c7a-a6ab-676d-401aafd72b98",
  "outputs": {
    "external_ip_address_node01": {
      "value": "62.84.124.25",
      "type": "string"
    },
    "external_ip_address_node02": {
      "value": "51.250.7.246",
      "type": "string"
    },
    "external_ip_address_node03": {
      "value": "62.84.117.90",
      "type": "string"
    },
    "external_ip_address_node04": {
      "value": "51.250.88.102",
      "type": "string"
    },
    "external_ip_address_node05": {
      "value": "84.201.134.222",
      "type": "string"
    },
    "external_ip_address_node06": {
      "value": "51.250.92.99",
      "type": "string"
    },
    "internal_ip_address_node01": {
      "value": "192.168.101.11",
      "type": "string"
    },
    "internal_ip_address_node02": {
      "value": "192.168.101.12",
      "type": "string"
    },
    "internal_ip_address_node03": {
      "value": "192.168.101.13",
      "type": "string"
    },
    "internal_ip_address_node04": {
      "value": "192.168.101.14",
      "type": "string"
    },
    "internal_ip_address_node05": {
      "value": "192.168.101.15",
      "type": "string"
    },
    "internal_ip_address_node06": {
      "value": "192.168.101.16",
      "type": "string"
    }
  },
  "resources": [
    {
      "mode": "managed",
      "type": "local_file",
      "name": "inventory",
      "provider": "provider[\"registry.terraform.io/hashicorp/local\"]",
      "instances": [
        {
          "schema_version": 0,
          "attributes": {
            "content": "# Ansible inventory containing variable values from Terraform.\n# Generated by Terraform.\n\n[nodes:children]\nmanagers\nworkers\n\n[managers:children]\nactive\nstandby\n\n[active]\nnode01.netology.yc ansible_host=62.84.124.25\n\n[standby]\nnode02.netology.yc ansible_host=51.250.7.246\nnode03.netology.yc ansible_host=62.84.117.90\n\n[workers]\nnode04.netology.yc ansible_host=51.250.88.102\nnode05.netology.yc ansible_host=84.201.134.222\nnode06.netology.yc ansible_host=51.250.92.99\n",
            "content_base64": null,
            "directory_permission": "0777",
            "file_permission": "0777",
            "filename": "../ansible/inventory",
            "id": "625e980b6407a5c59d83acba146d7ce4c18e073a",
            "sensitive_content": null,
            "source": null
          },
          "sensitive_attributes": [],
          "private": "bnVsbA==",
          "dependencies": [
            "yandex_compute_instance.node01",
            "yandex_compute_instance.node02",
            "yandex_compute_instance.node03",
            "yandex_compute_instance.node04",
            "yandex_compute_instance.node05",
            "yandex_compute_instance.node06",
            "yandex_vpc_network.default",
            "yandex_vpc_subnet.default"
          ]
        }
      ]
    },
    {
      "mode": "managed",
      "type": "null_resource",
      "name": "cluster",
      "provider": "provider[\"registry.terraform.io/hashicorp/null\"]",
      "instances": [
        {
          "schema_version": 0,
          "attributes": {
            "id": "3463463779489385629",
            "triggers": null
          },
          "sensitive_attributes": [],
          "dependencies": [
            "local_file.inventory",
            "null_resource.wait",
            "yandex_compute_instance.node01",
            "yandex_compute_instance.node02",
            "yandex_compute_instance.node03",
            "yandex_compute_instance.node04",
            "yandex_compute_instance.node05",
            "yandex_compute_instance.node06",
            "yandex_vpc_network.default",
            "yandex_vpc_subnet.default"
          ]
        }
      ]
    },
    {
      "mode": "managed",
      "type": "null_resource",
      "name": "monitoring",
      "provider": "provider[\"registry.terraform.io/hashicorp/null\"]",
      "instances": [
        {
          "schema_version": 0,
          "attributes": {
            "id": "7085840742090436313",
            "triggers": null
          },
          "sensitive_attributes": [],
          "dependencies": [
            "local_file.inventory",
            "null_resource.cluster",
            "null_resource.sync",
            "null_resource.wait",
            "yandex_compute_instance.node01",
            "yandex_compute_instance.node02",
            "yandex_compute_instance.node03",
            "yandex_compute_instance.node04",
            "yandex_compute_instance.node05",
            "yandex_compute_instance.node06",
            "yandex_vpc_network.default",
            "yandex_vpc_subnet.default"
          ]
        }
      ]
    },
    {
      "mode": "managed",
      "type": "null_resource",
      "name": "sync",
      "provider": "provider[\"registry.terraform.io/hashicorp/null\"]",
      "instances": [
        {
          "schema_version": 0,
          "attributes": {
            "id": "4958895771047297370",
            "triggers": null
          },
          "sensitive_attributes": [],
          "dependencies": [
            "local_file.inventory",
            "null_resource.cluster",
            "null_resource.wait",
            "yandex_compute_instance.node01",
            "yandex_compute_instance.node02",
            "yandex_compute_instance.node03",
            "yandex_compute_instance.node04",
            "yandex_compute_instance.node05",
            "yandex_compute_instance.node06",
            "yandex_vpc_network.default",
            "yandex_vpc_subnet.default"
          ]
        }
      ]
    },
    {
      "mode": "managed",
      "type": "null_resource",
      "name": "wait",
      "provider": "provider[\"registry.terraform.io/hashicorp/null\"]",
      "instances": [
        {
          "schema_version": 0,
          "attributes": {
            "id": "6036964705297653497",
            "triggers": null
          },
          "sensitive_attributes": [],
          "dependencies": [
            "local_file.inventory",
            "yandex_compute_instance.node01",
            "yandex_compute_instance.node02",
            "yandex_compute_instance.node03",
            "yandex_compute_instance.node04",
            "yandex_compute_instance.node05",
            "yandex_compute_instance.node06",
            "yandex_vpc_network.default",
            "yandex_vpc_subnet.default"
          ]
        }
      ]
    },
    {
      "mode": "managed",
      "type": "yandex_compute_instance",
      "name": "node01",
      "provider": "provider[\"registry.terraform.io/yandex-cloud/yandex\"]",
      "instances": [
        {
          "schema_version": 1,
          "attributes": {
            "allow_recreate": null,
            "allow_stopping_for_update": true,
            "boot_disk": [
              {
                "auto_delete": true,
                "device_name": "fhmeu89pa8m7indeejft",
                "disk_id": "fhmeu89pa8m7indeejft",
                "initialize_params": [
                  {
                    "block_size": 4096,
                    "description": "",
                    "image_id": "fd83i2c8nu5lmo8aodom",
                    "name": "root-node01",
                    "size": 10,
                    "snapshot_id": "",
                    "type": "network-hdd"
                  }
                ],
                "mode": "READ_WRITE"
              }
            ],
            "created_at": "2022-12-09T20:45:33Z",
            "description": "",
            "folder_id": "b1geu7vm6f9ja25rtdui",
            "fqdn": "node01.netology.yc",
            "hostname": "node01.netology.yc",
            "id": "fhmorebtsje37nhqgekk",
            "labels": null,
            "local_disk": [],
            "metadata": {
              "ssh-keys": "centos:ssh-rsa AAAAB3NzaC1yc2EAAAADAQABAAABgQCoXavqh/rZzC7doLODv+aemAGEDsUhB6gh3JwkxCMTjrM/BIcx/AUpGpk9vrrMGZmeUu888hR4BBARfO/GvGDE4Qjksp6tZk9Wam+16xM1Oo6HJuYHcYEwBIkDM8uFJMomCcXjqWBd/ifFMhfKFw7UY1N/3JY/niIUMN9iC2ki1vTivGa4hZyZv0pZIow5jjyJBVYuMQL+NMEGkdqd8xj5oB3pdDyhb3pfiP5TawUhXyUl+D9qCZl00dRtpNoV4o4lhff86iok2BvhsEKYwJGzjTpoBIdBmi8n06cd79wpfjfs/E9edHKm7pN6Zzwtipdi+ms2n3s7Qza9QDoX5VYkalLwuWhV8SCmtaS+RzmWtfSTVfMcM5w8Zz+riZgjNGt0b4GFK/xAldK+nLgxs6KGU3lkFgtHe6456X3bL0Zib71b21qgslyuGCg1ysGpmD2dScsI1qUJlnXKhobTpnEw7wOYnrJcfNO+oWJAZvoBt5n+bk3FdDirnATpcIsFga0= timych@timych-ubu2\n"
            },
            "name": "node01",
            "network_acceleration_type": "standard",
            "network_interface": [
              {
                "dns_record": [],
                "index": 0,
                "ip_address": "192.168.101.11",
                "ipv4": true,
                "ipv6": false,
                "ipv6_address": "",
                "ipv6_dns_record": [],
                "mac_address": "d0:0d:18:db:97:de",
                "nat": true,
                "nat_dns_record": [],
                "nat_ip_address": "62.84.124.25",
                "nat_ip_version": "IPV4",
                "security_group_ids": [],
                "subnet_id": "e9brde32s0oof87g7m79"
              }
            ],
            "placement_policy": [
              {
                "host_affinity_rules": [],
                "placement_group_id": ""
              }
            ],
            "platform_id": "standard-v1",
            "resources": [
              {
                "core_fraction": 20,
                "cores": 2,
                "gpus": 0,
                "memory": 4
              }
            ],
            "scheduling_policy": [
              {
                "preemptible": true
              }
            ],
            "secondary_disk": [],
            "service_account_id": "",
            "status": "running",
            "timeouts": null,
            "zone": "ru-central1-a"
          },
          "sensitive_attributes": [],
          "private": "eyJlMmJmYjczMC1lY2FhLTExZTYtOGY4OC0zNDM2M2JjN2M0YzAiOnsiY3JlYXRlIjozMDAwMDAwMDAwMDAsImRlbGV0ZSI6MzAwMDAwMDAwMDAwLCJ1cGRhdGUiOjMwMDAwMDAwMDAwMH0sInNjaGVtYV92ZXJzaW9uIjoiMSJ9",
          "dependencies": [
            "yandex_vpc_network.default",
            "yandex_vpc_subnet.default"
          ]
        }
      ]
    },
    {
      "mode": "managed",
      "type": "yandex_compute_instance",
      "name": "node02",
      "provider": "provider[\"registry.terraform.io/yandex-cloud/yandex\"]",
      "instances": [
        {
          "schema_version": 1,
          "attributes": {
            "allow_recreate": null,
            "allow_stopping_for_update": true,
            "boot_disk": [
              {
                "auto_delete": true,
                "device_name": "fhmst9ttvjvpar8g3nc3",
                "disk_id": "fhmst9ttvjvpar8g3nc3",
                "initialize_params": [
                  {
                    "block_size": 4096,
                    "description": "",
                    "image_id": "fd83i2c8nu5lmo8aodom",
                    "name": "root-node02",
                    "size": 10,
                    "snapshot_id": "",
                    "type": "network-hdd"
                  }
                ],
                "mode": "READ_WRITE"
              }
            ],
            "created_at": "2022-12-09T20:45:33Z",
            "description": "",
            "folder_id": "b1geu7vm6f9ja25rtdui",
            "fqdn": "node02.netology.yc",
            "hostname": "node02.netology.yc",
            "id": "fhmb6cp1dl4721qj7761",
            "labels": null,
            "local_disk": [],
            "metadata": {
              "ssh-keys": "centos:ssh-rsa AAAAB3NzaC1yc2EAAAADAQABAAABgQCoXavqh/rZzC7doLODv+aemAGEDsUhB6gh3JwkxCMTjrM/BIcx/AUpGpk9vrrMGZmeUu888hR4BBARfO/GvGDE4Qjksp6tZk9Wam+16xM1Oo6HJuYHcYEwBIkDM8uFJMomCcXjqWBd/ifFMhfKFw7UY1N/3JY/niIUMN9iC2ki1vTivGa4hZyZv0pZIow5jjyJBVYuMQL+NMEGkdqd8xj5oB3pdDyhb3pfiP5TawUhXyUl+D9qCZl00dRtpNoV4o4lhff86iok2BvhsEKYwJGzjTpoBIdBmi8n06cd79wpfjfs/E9edHKm7pN6Zzwtipdi+ms2n3s7Qza9QDoX5VYkalLwuWhV8SCmtaS+RzmWtfSTVfMcM5w8Zz+riZgjNGt0b4GFK/xAldK+nLgxs6KGU3lkFgtHe6456X3bL0Zib71b21qgslyuGCg1ysGpmD2dScsI1qUJlnXKhobTpnEw7wOYnrJcfNO+oWJAZvoBt5n+bk3FdDirnATpcIsFga0= timych@timych-ubu2\n"
            },
            "name": "node02",
            "network_acceleration_type": "standard",
            "network_interface": [
              {
                "dns_record": [],
                "index": 0,
                "ip_address": "192.168.101.12",
                "ipv4": true,
                "ipv6": false,
                "ipv6_address": "",
                "ipv6_dns_record": [],
                "mac_address": "d0:0d:b3:33:21:6d",
                "nat": true,
                "nat_dns_record": [],
                "nat_ip_address": "51.250.7.246",
                "nat_ip_version": "IPV4",
                "security_group_ids": [],
                "subnet_id": "e9brde32s0oof87g7m79"
              }
            ],
            "placement_policy": [
              {
                "host_affinity_rules": [],
                "placement_group_id": ""
              }
            ],
            "platform_id": "standard-v1",
            "resources": [
              {
                "core_fraction": 20,
                "cores": 2,
                "gpus": 0,
                "memory": 4
              }
            ],
            "scheduling_policy": [
              {
                "preemptible": true
              }
            ],
            "secondary_disk": [],
            "service_account_id": "",
            "status": "running",
            "timeouts": null,
            "zone": "ru-central1-a"
          },
          "sensitive_attributes": [],
          "private": "eyJlMmJmYjczMC1lY2FhLTExZTYtOGY4OC0zNDM2M2JjN2M0YzAiOnsiY3JlYXRlIjozMDAwMDAwMDAwMDAsImRlbGV0ZSI6MzAwMDAwMDAwMDAwLCJ1cGRhdGUiOjMwMDAwMDAwMDAwMH0sInNjaGVtYV92ZXJzaW9uIjoiMSJ9",
          "dependencies": [
            "yandex_vpc_network.default",
            "yandex_vpc_subnet.default"
          ]
        }
      ]
    },
    {
      "mode": "managed",
      "type": "yandex_compute_instance",
      "name": "node03",
      "provider": "provider[\"registry.terraform.io/yandex-cloud/yandex\"]",
      "instances": [
        {
          "schema_version": 1,
          "attributes": {
            "allow_recreate": null,
            "allow_stopping_for_update": true,
            "boot_disk": [
              {
                "auto_delete": true,
                "device_name": "fhml50lr0iqc5mktt60v",
                "disk_id": "fhml50lr0iqc5mktt60v",
                "initialize_params": [
                  {
                    "block_size": 4096,
                    "description": "",
                    "image_id": "fd83i2c8nu5lmo8aodom",
                    "name": "root-node03",
                    "size": 10,
                    "snapshot_id": "",
                    "type": "network-hdd"
                  }
                ],
                "mode": "READ_WRITE"
              }
            ],
            "created_at": "2022-12-09T20:45:33Z",
            "description": "",
            "folder_id": "b1geu7vm6f9ja25rtdui",
            "fqdn": "node03.netology.yc",
            "hostname": "node03.netology.yc",
            "id": "fhm5mtfi5fl00pecs8su",
            "labels": null,
            "local_disk": [],
            "metadata": {
              "ssh-keys": "centos:ssh-rsa AAAAB3NzaC1yc2EAAAADAQABAAABgQCoXavqh/rZzC7doLODv+aemAGEDsUhB6gh3JwkxCMTjrM/BIcx/AUpGpk9vrrMGZmeUu888hR4BBARfO/GvGDE4Qjksp6tZk9Wam+16xM1Oo6HJuYHcYEwBIkDM8uFJMomCcXjqWBd/ifFMhfKFw7UY1N/3JY/niIUMN9iC2ki1vTivGa4hZyZv0pZIow5jjyJBVYuMQL+NMEGkdqd8xj5oB3pdDyhb3pfiP5TawUhXyUl+D9qCZl00dRtpNoV4o4lhff86iok2BvhsEKYwJGzjTpoBIdBmi8n06cd79wpfjfs/E9edHKm7pN6Zzwtipdi+ms2n3s7Qza9QDoX5VYkalLwuWhV8SCmtaS+RzmWtfSTVfMcM5w8Zz+riZgjNGt0b4GFK/xAldK+nLgxs6KGU3lkFgtHe6456X3bL0Zib71b21qgslyuGCg1ysGpmD2dScsI1qUJlnXKhobTpnEw7wOYnrJcfNO+oWJAZvoBt5n+bk3FdDirnATpcIsFga0= timych@timych-ubu2\n"
            },
            "name": "node03",
            "network_acceleration_type": "standard",
            "network_interface": [
              {
                "dns_record": [],
                "index": 0,
                "ip_address": "192.168.101.13",
                "ipv4": true,
                "ipv6": false,
                "ipv6_address": "",
                "ipv6_dns_record": [],
                "mac_address": "d0:0d:5b:75:f2:2b",
                "nat": true,
                "nat_dns_record": [],
                "nat_ip_address": "62.84.117.90",
                "nat_ip_version": "IPV4",
                "security_group_ids": [],
                "subnet_id": "e9brde32s0oof87g7m79"
              }
            ],
            "placement_policy": [
              {
                "host_affinity_rules": [],
                "placement_group_id": ""
              }
            ],
            "platform_id": "standard-v1",
            "resources": [
              {
                "core_fraction": 20,
                "cores": 2,
                "gpus": 0,
                "memory": 4
              }
            ],
            "scheduling_policy": [
              {
                "preemptible": true
              }
            ],
            "secondary_disk": [],
            "service_account_id": "",
            "status": "running",
            "timeouts": null,
            "zone": "ru-central1-a"
          },
          "sensitive_attributes": [],
          "private": "eyJlMmJmYjczMC1lY2FhLTExZTYtOGY4OC0zNDM2M2JjN2M0YzAiOnsiY3JlYXRlIjozMDAwMDAwMDAwMDAsImRlbGV0ZSI6MzAwMDAwMDAwMDAwLCJ1cGRhdGUiOjMwMDAwMDAwMDAwMH0sInNjaGVtYV92ZXJzaW9uIjoiMSJ9",
          "dependencies": [
            "yandex_vpc_network.default",
            "yandex_vpc_subnet.default"
          ]
        }
      ]
    },
    {
      "mode": "managed",
      "type": "yandex_compute_instance",
      "name": "node04",
      "provider": "provider[\"registry.terraform.io/yandex-cloud/yandex\"]",
      "instances": [
        {
          "schema_version": 1,
          "attributes": {
            "allow_recreate": null,
            "allow_stopping_for_update": true,
            "boot_disk": [
              {
                "auto_delete": true,
                "device_name": "fhmqtjtj5v3de5092n6a",
                "disk_id": "fhmqtjtj5v3de5092n6a",
                "initialize_params": [
                  {
                    "block_size": 4096,
                    "description": "",
                    "image_id": "fd83i2c8nu5lmo8aodom",
                    "name": "root-node04",
                    "size": 40,
                    "snapshot_id": "",
                    "type": "network-hdd"
                  }
                ],
                "mode": "READ_WRITE"
              }
            ],
            "created_at": "2022-12-09T20:45:33Z",
            "description": "",
            "folder_id": "b1geu7vm6f9ja25rtdui",
            "fqdn": "node04.netology.yc",
            "hostname": "node04.netology.yc",
            "id": "fhmo6d81v7ndeddreb63",
            "labels": null,
            "local_disk": [],
            "metadata": {
              "ssh-keys": "centos:ssh-rsa AAAAB3NzaC1yc2EAAAADAQABAAABgQCoXavqh/rZzC7doLODv+aemAGEDsUhB6gh3JwkxCMTjrM/BIcx/AUpGpk9vrrMGZmeUu888hR4BBARfO/GvGDE4Qjksp6tZk9Wam+16xM1Oo6HJuYHcYEwBIkDM8uFJMomCcXjqWBd/ifFMhfKFw7UY1N/3JY/niIUMN9iC2ki1vTivGa4hZyZv0pZIow5jjyJBVYuMQL+NMEGkdqd8xj5oB3pdDyhb3pfiP5TawUhXyUl+D9qCZl00dRtpNoV4o4lhff86iok2BvhsEKYwJGzjTpoBIdBmi8n06cd79wpfjfs/E9edHKm7pN6Zzwtipdi+ms2n3s7Qza9QDoX5VYkalLwuWhV8SCmtaS+RzmWtfSTVfMcM5w8Zz+riZgjNGt0b4GFK/xAldK+nLgxs6KGU3lkFgtHe6456X3bL0Zib71b21qgslyuGCg1ysGpmD2dScsI1qUJlnXKhobTpnEw7wOYnrJcfNO+oWJAZvoBt5n+bk3FdDirnATpcIsFga0= timych@timych-ubu2\n"
            },
            "name": "node04",
            "network_acceleration_type": "standard",
            "network_interface": [
              {
                "dns_record": [],
                "index": 0,
                "ip_address": "192.168.101.14",
                "ipv4": true,
                "ipv6": false,
                "ipv6_address": "",
                "ipv6_dns_record": [],
                "mac_address": "d0:0d:18:33:50:1f",
                "nat": true,
                "nat_dns_record": [],
                "nat_ip_address": "51.250.88.102",
                "nat_ip_version": "IPV4",
                "security_group_ids": [],
                "subnet_id": "e9brde32s0oof87g7m79"
              }
            ],
            "placement_policy": [
              {
                "host_affinity_rules": [],
                "placement_group_id": ""
              }
            ],
            "platform_id": "standard-v1",
            "resources": [
              {
                "core_fraction": 20,
                "cores": 2,
                "gpus": 0,
                "memory": 4
              }
            ],
            "scheduling_policy": [
              {
                "preemptible": true
              }
            ],
            "secondary_disk": [],
            "service_account_id": "",
            "status": "running",
            "timeouts": null,
            "zone": "ru-central1-a"
          },
          "sensitive_attributes": [],
          "private": "eyJlMmJmYjczMC1lY2FhLTExZTYtOGY4OC0zNDM2M2JjN2M0YzAiOnsiY3JlYXRlIjozMDAwMDAwMDAwMDAsImRlbGV0ZSI6MzAwMDAwMDAwMDAwLCJ1cGRhdGUiOjMwMDAwMDAwMDAwMH0sInNjaGVtYV92ZXJzaW9uIjoiMSJ9",
          "dependencies": [
            "yandex_vpc_network.default",
            "yandex_vpc_subnet.default"
          ]
        }
      ]
    },
    {
      "mode": "managed",
      "type": "yandex_compute_instance",
      "name": "node05",
      "provider": "provider[\"registry.terraform.io/yandex-cloud/yandex\"]",
      "instances": [
        {
          "schema_version": 1,
          "attributes": {
            "allow_recreate": null,
            "allow_stopping_for_update": true,
            "boot_disk": [
              {
                "auto_delete": true,
                "device_name": "fhmnupqo0uk8qfbu11pm",
                "disk_id": "fhmnupqo0uk8qfbu11pm",
                "initialize_params": [
                  {
                    "block_size": 4096,
                    "description": "",
                    "image_id": "fd83i2c8nu5lmo8aodom",
                    "name": "root-node05",
                    "size": 40,
                    "snapshot_id": "",
                    "type": "network-hdd"
                  }
                ],
                "mode": "READ_WRITE"
              }
            ],
            "created_at": "2022-12-09T20:45:33Z",
            "description": "",
            "folder_id": "b1geu7vm6f9ja25rtdui",
            "fqdn": "node05.netology.yc",
            "hostname": "node05.netology.yc",
            "id": "fhm4opkif5t30hvjbjm5",
            "labels": null,
            "local_disk": [],
            "metadata": {
              "ssh-keys": "centos:ssh-rsa AAAAB3NzaC1yc2EAAAADAQABAAABgQCoXavqh/rZzC7doLODv+aemAGEDsUhB6gh3JwkxCMTjrM/BIcx/AUpGpk9vrrMGZmeUu888hR4BBARfO/GvGDE4Qjksp6tZk9Wam+16xM1Oo6HJuYHcYEwBIkDM8uFJMomCcXjqWBd/ifFMhfKFw7UY1N/3JY/niIUMN9iC2ki1vTivGa4hZyZv0pZIow5jjyJBVYuMQL+NMEGkdqd8xj5oB3pdDyhb3pfiP5TawUhXyUl+D9qCZl00dRtpNoV4o4lhff86iok2BvhsEKYwJGzjTpoBIdBmi8n06cd79wpfjfs/E9edHKm7pN6Zzwtipdi+ms2n3s7Qza9QDoX5VYkalLwuWhV8SCmtaS+RzmWtfSTVfMcM5w8Zz+riZgjNGt0b4GFK/xAldK+nLgxs6KGU3lkFgtHe6456X3bL0Zib71b21qgslyuGCg1ysGpmD2dScsI1qUJlnXKhobTpnEw7wOYnrJcfNO+oWJAZvoBt5n+bk3FdDirnATpcIsFga0= timych@timych-ubu2\n"
            },
            "name": "node05",
            "network_acceleration_type": "standard",
            "network_interface": [
              {
                "dns_record": [],
                "index": 0,
                "ip_address": "192.168.101.15",
                "ipv4": true,
                "ipv6": false,
                "ipv6_address": "",
                "ipv6_dns_record": [],
                "mac_address": "d0:0d:4c:66:92:79",
                "nat": true,
                "nat_dns_record": [],
                "nat_ip_address": "84.201.134.222",
                "nat_ip_version": "IPV4",
                "security_group_ids": [],
                "subnet_id": "e9brde32s0oof87g7m79"
              }
            ],
            "placement_policy": [
              {
                "host_affinity_rules": [],
                "placement_group_id": ""
              }
            ],
            "platform_id": "standard-v1",
            "resources": [
              {
                "core_fraction": 20,
                "cores": 2,
                "gpus": 0,
                "memory": 4
              }
            ],
            "scheduling_policy": [
              {
                "preemptible": true
              }
            ],
            "secondary_disk": [],
            "service_account_id": "",
            "status": "running",
            "timeouts": null,
            "zone": "ru-central1-a"
          },
          "sensitive_attributes": [],
          "private": "eyJlMmJmYjczMC1lY2FhLTExZTYtOGY4OC0zNDM2M2JjN2M0YzAiOnsiY3JlYXRlIjozMDAwMDAwMDAwMDAsImRlbGV0ZSI6MzAwMDAwMDAwMDAwLCJ1cGRhdGUiOjMwMDAwMDAwMDAwMH0sInNjaGVtYV92ZXJzaW9uIjoiMSJ9",
          "dependencies": [
            "yandex_vpc_network.default",
            "yandex_vpc_subnet.default"
          ]
        }
      ]
    },
    {
      "mode": "managed",
      "type": "yandex_compute_instance",
      "name": "node06",
      "provider": "provider[\"registry.terraform.io/yandex-cloud/yandex\"]",
      "instances": [
        {
          "schema_version": 1,
          "attributes": {
            "allow_recreate": null,
            "allow_stopping_for_update": true,
            "boot_disk": [
              {
                "auto_delete": true,
                "device_name": "fhm5ebmmsdlab2bjqcd1",
                "disk_id": "fhm5ebmmsdlab2bjqcd1",
                "initialize_params": [
                  {
                    "block_size": 4096,
                    "description": "",
                    "image_id": "fd83i2c8nu5lmo8aodom",
                    "name": "root-node06",
                    "size": 40,
                    "snapshot_id": "",
                    "type": "network-hdd"
                  }
                ],
                "mode": "READ_WRITE"
              }
            ],
            "created_at": "2022-12-09T20:45:33Z",
            "description": "",
            "folder_id": "b1geu7vm6f9ja25rtdui",
            "fqdn": "node06.netology.yc",
            "hostname": "node06.netology.yc",
            "id": "fhmtv4koud4l7k75uacv",
            "labels": null,
            "local_disk": [],
            "metadata": {
              "ssh-keys": "centos:ssh-rsa AAAAB3NzaC1yc2EAAAADAQABAAABgQCoXavqh/rZzC7doLODv+aemAGEDsUhB6gh3JwkxCMTjrM/BIcx/AUpGpk9vrrMGZmeUu888hR4BBARfO/GvGDE4Qjksp6tZk9Wam+16xM1Oo6HJuYHcYEwBIkDM8uFJMomCcXjqWBd/ifFMhfKFw7UY1N/3JY/niIUMN9iC2ki1vTivGa4hZyZv0pZIow5jjyJBVYuMQL+NMEGkdqd8xj5oB3pdDyhb3pfiP5TawUhXyUl+D9qCZl00dRtpNoV4o4lhff86iok2BvhsEKYwJGzjTpoBIdBmi8n06cd79wpfjfs/E9edHKm7pN6Zzwtipdi+ms2n3s7Qza9QDoX5VYkalLwuWhV8SCmtaS+RzmWtfSTVfMcM5w8Zz+riZgjNGt0b4GFK/xAldK+nLgxs6KGU3lkFgtHe6456X3bL0Zib71b21qgslyuGCg1ysGpmD2dScsI1qUJlnXKhobTpnEw7wOYnrJcfNO+oWJAZvoBt5n+bk3FdDirnATpcIsFga0= timych@timych-ubu2\n"
            },
            "name": "node06",
            "network_acceleration_type": "standard",
            "network_interface": [
              {
                "dns_record": [],
                "index": 0,
                "ip_address": "192.168.101.16",
                "ipv4": true,
                "ipv6": false,
                "ipv6_address": "",
                "ipv6_dns_record": [],
                "mac_address": "d0:0d:1d:f9:29:8f",
                "nat": true,
                "nat_dns_record": [],
                "nat_ip_address": "51.250.92.99",
                "nat_ip_version": "IPV4",
                "security_group_ids": [],
                "subnet_id": "e9brde32s0oof87g7m79"
              }
            ],
            "placement_policy": [
              {
                "host_affinity_rules": [],
                "placement_group_id": ""
              }
            ],
            "platform_id": "standard-v1",
            "resources": [
              {
                "core_fraction": 20,
                "cores": 2,
                "gpus": 0,
                "memory": 4
              }
            ],
            "scheduling_policy": [
              {
                "preemptible": true
              }
            ],
            "secondary_disk": [],
            "service_account_id": "",
            "status": "running",
            "timeouts": null,
            "zone": "ru-central1-a"
          },
          "sensitive_attributes": [],
          "private": "eyJlMmJmYjczMC1lY2FhLTExZTYtOGY4OC0zNDM2M2JjN2M0YzAiOnsiY3JlYXRlIjozMDAwMDAwMDAwMDAsImRlbGV0ZSI6MzAwMDAwMDAwMDAwLCJ1cGRhdGUiOjMwMDAwMDAwMDAwMH0sInNjaGVtYV92ZXJzaW9uIjoiMSJ9",
          "dependencies": [
            "yandex_vpc_network.default",
            "yandex_vpc_subnet.default"
          ]
        }
      ]
    },
    {
      "mode": "managed",
      "type": "yandex_vpc_network",
      "name": "default",
      "provider": "provider[\"registry.terraform.io/yandex-cloud/yandex\"]",
      "instances": [
        {
          "schema_version": 0,
          "attributes": {
            "created_at": "2022-12-09T20:45:31Z",
            "default_security_group_id": "",
            "description": "",
            "folder_id": "b1geu7vm6f9ja25rtdui",
            "id": "enp03fv73g0u6mlmvp9a",
            "labels": {},
            "name": "net",
            "subnet_ids": [],
            "timeouts": null
          },
          "sensitive_attributes": [],
          "private": "eyJlMmJmYjczMC1lY2FhLTExZTYtOGY4OC0zNDM2M2JjN2M0YzAiOnsiY3JlYXRlIjo2MDAwMDAwMDAwMCwiZGVsZXRlIjo2MDAwMDAwMDAwMCwidXBkYXRlIjo2MDAwMDAwMDAwMH19"
        }
      ]
    },
    {
      "mode": "managed",
      "type": "yandex_vpc_subnet",
      "name": "default",
      "provider": "provider[\"registry.terraform.io/yandex-cloud/yandex\"]",
      "instances": [
        {
          "schema_version": 0,
          "attributes": {
            "created_at": "2022-12-09T20:45:32Z",
            "description": "",
            "dhcp_options": [],
            "folder_id": "b1geu7vm6f9ja25rtdui",
            "id": "e9brde32s0oof87g7m79",
            "labels": {},
            "name": "subnet",
            "network_id": "enp03fv73g0u6mlmvp9a",
            "route_table_id": "",
            "timeouts": null,
            "v4_cidr_blocks": [
              "192.168.101.0/24"
            ],
            "v6_cidr_blocks": [],
            "zone": "ru-central1-a"
          },
          "sensitive_attributes": [],
          "private": "eyJlMmJmYjczMC1lY2FhLTExZTYtOGY4OC0zNDM2M2JjN2M0YzAiOnsiY3JlYXRlIjoxODAwMDAwMDAwMDAsImRlbGV0ZSI6MTgwMDAwMDAwMDAwLCJ1cGRhdGUiOjE4MDAwMDAwMDAwMH19",
          "dependencies": [
            "yandex_vpc_network.default"
          ]
        }
      ]
    }
  ],
  "check_results": null
}
